// !$*UTF8*$!
{
	archiveVersion = 1;
	classes = {
	};
	objectVersion = 50;
	objects = {

/* Begin PBXBuildFile section */
		914172F720C856160079935A /* AppDelegate.swift in Sources */ = {isa = PBXBuildFile; fileRef = 914172F620C856160079935A /* AppDelegate.swift */; };
		914172F920C856170079935A /* ViewController.swift in Sources */ = {isa = PBXBuildFile; fileRef = 914172F820C856170079935A /* ViewController.swift */; };
		914172FC20C856170079935A /* Main.storyboard in Resources */ = {isa = PBXBuildFile; fileRef = 914172FA20C856170079935A /* Main.storyboard */; };
		914172FE20C856190079935A /* Assets.xcassets in Resources */ = {isa = PBXBuildFile; fileRef = 914172FD20C856190079935A /* Assets.xcassets */; };
		9141730120C856190079935A /* LaunchScreen.storyboard in Resources */ = {isa = PBXBuildFile; fileRef = 914172FF20C856190079935A /* LaunchScreen.storyboard */; };
		9141730920C856820079935A /* CircleProgressLayer.swift in Sources */ = {isa = PBXBuildFile; fileRef = 9141730820C856820079935A /* CircleProgressLayer.swift */; };
		9141730B20C85CE60079935A /* CircularProgressView.swift in Sources */ = {isa = PBXBuildFile; fileRef = 9141730A20C85CE60079935A /* CircularProgressView.swift */; };
		91AE4BDC20D197B4002BAA06 /* MockPageViewController.swift in Sources */ = {isa = PBXBuildFile; fileRef = 91AE4BDB20D197B4002BAA06 /* MockPageViewController.swift */; };
		91AE4BDE20D19AC4002BAA06 /* ContainerViewController.swift in Sources */ = {isa = PBXBuildFile; fileRef = 91AE4BDD20D19AC4002BAA06 /* ContainerViewController.swift */; };
/* End PBXBuildFile section */

/* Begin PBXFileReference section */
		914172F320C856160079935A /* DrawingProjects.app */ = {isa = PBXFileReference; explicitFileType = wrapper.application; includeInIndex = 0; path = DrawingProjects.app; sourceTree = BUILT_PRODUCTS_DIR; };
		914172F620C856160079935A /* AppDelegate.swift */ = {isa = PBXFileReference; lastKnownFileType = sourcecode.swift; path = AppDelegate.swift; sourceTree = "<group>"; };
		914172F820C856170079935A /* ViewController.swift */ = {isa = PBXFileReference; lastKnownFileType = sourcecode.swift; path = ViewController.swift; sourceTree = "<group>"; };
		914172FB20C856170079935A /* Base */ = {isa = PBXFileReference; lastKnownFileType = file.storyboard; name = Base; path = Base.lproj/Main.storyboard; sourceTree = "<group>"; };
		914172FD20C856190079935A /* Assets.xcassets */ = {isa = PBXFileReference; lastKnownFileType = folder.assetcatalog; path = Assets.xcassets; sourceTree = "<group>"; };
		9141730020C856190079935A /* Base */ = {isa = PBXFileReference; lastKnownFileType = file.storyboard; name = Base; path = Base.lproj/LaunchScreen.storyboard; sourceTree = "<group>"; };
		9141730220C856190079935A /* Info.plist */ = {isa = PBXFileReference; lastKnownFileType = text.plist.xml; path = Info.plist; sourceTree = "<group>"; };
		9141730820C856820079935A /* CircleProgressLayer.swift */ = {isa = PBXFileReference; fileEncoding = 4; lastKnownFileType = sourcecode.swift; path = CircleProgressLayer.swift; sourceTree = "<group>"; };
		9141730A20C85CE60079935A /* CircularProgressView.swift */ = {isa = PBXFileReference; lastKnownFileType = sourcecode.swift; path = CircularProgressView.swift; sourceTree = "<group>"; };
		91AE4BDB20D197B4002BAA06 /* MockPageViewController.swift */ = {isa = PBXFileReference; lastKnownFileType = sourcecode.swift; path = MockPageViewController.swift; sourceTree = "<group>"; };
		91AE4BDD20D19AC4002BAA06 /* ContainerViewController.swift */ = {isa = PBXFileReference; lastKnownFileType = sourcecode.swift; path = ContainerViewController.swift; sourceTree = "<group>"; };
/* End PBXFileReference section */

/* Begin PBXFrameworksBuildPhase section */
		914172F020C856160079935A /* Frameworks */ = {
			isa = PBXFrameworksBuildPhase;
			buildActionMask = 2147483647;
			files = (
			);
			runOnlyForDeploymentPostprocessing = 0;
		};
/* End PBXFrameworksBuildPhase section */

/* Begin PBXGroup section */
		914172EA20C856160079935A = {
			isa = PBXGroup;
			children = (
				914172F520C856160079935A /* DrawingProjects */,
				914172F420C856160079935A /* Products */,
			);
			sourceTree = "<group>";
		};
		914172F420C856160079935A /* Products */ = {
			isa = PBXGroup;
			children = (
				914172F320C856160079935A /* DrawingProjects.app */,
			);
			name = Products;
			sourceTree = "<group>";
		};
		914172F520C856160079935A /* DrawingProjects */ = {
			isa = PBXGroup;
			children = (
				914172F620C856160079935A /* AppDelegate.swift */,
				914172F820C856170079935A /* ViewController.swift */,
				9141730820C856820079935A /* CircleProgressLayer.swift */,
				91AE4BDB20D197B4002BAA06 /* MockPageViewController.swift */,
				91AE4BDD20D19AC4002BAA06 /* ContainerViewController.swift */,
				914172FA20C856170079935A /* Main.storyboard */,
				914172FD20C856190079935A /* Assets.xcassets */,
				914172FF20C856190079935A /* LaunchScreen.storyboard */,
				9141730220C856190079935A /* Info.plist */,
				9141730A20C85CE60079935A /* CircularProgressView.swift */,
			);
			path = DrawingProjects;
			sourceTree = "<group>";
		};
/* End PBXGroup section */

/* Begin PBXNativeTarget section */
		914172F220C856160079935A /* DrawingProjects */ = {
			isa = PBXNativeTarget;
			buildConfigurationList = 9141730520C856190079935A /* Build configuration list for PBXNativeTarget "DrawingProjects" */;
			buildPhases = (
				914172EF20C856160079935A /* Sources */,
				914172F020C856160079935A /* Frameworks */,
				914172F120C856160079935A /* Resources */,
			);
			buildRules = (
			);
			dependencies = (
			);
			name = DrawingProjects;
			productName = DrawingProjects;
			productReference = 914172F320C856160079935A /* DrawingProjects.app */;
			productType = "com.apple.product-type.application";
		};
/* End PBXNativeTarget section */

/* Begin PBXProject section */
		914172EB20C856160079935A /* Project object */ = {
			isa = PBXProject;
			attributes = {
				LastSwiftUpdateCheck = 0940;
				LastUpgradeCheck = 0940;
				ORGANIZATIONNAME = "Vitor Rodrigues";
				TargetAttributes = {
					914172F220C856160079935A = {
						CreatedOnToolsVersion = 9.4;
					};
				};
			};
			buildConfigurationList = 914172EE20C856160079935A /* Build configuration list for PBXProject "DrawingProjects" */;
			compatibilityVersion = "Xcode 9.3";
			developmentRegion = en;
			hasScannedForEncodings = 0;
			knownRegions = (
				en,
				Base,
			);
			mainGroup = 914172EA20C856160079935A;
			productRefGroup = 914172F420C856160079935A /* Products */;
			projectDirPath = "";
			projectRoot = "";
			targets = (
				914172F220C856160079935A /* DrawingProjects */,
			);
		};
/* End PBXProject section */

/* Begin PBXResourcesBuildPhase section */
		914172F120C856160079935A /* Resources */ = {
			isa = PBXResourcesBuildPhase;
			buildActionMask = 2147483647;
			files = (
				9141730120C856190079935A /* LaunchScreen.storyboard in Resources */,
				914172FE20C856190079935A /* Assets.xcassets in Resources */,
				914172FC20C856170079935A /* Main.storyboard in Resources */,
			);
			runOnlyForDeploymentPostprocessing = 0;
		};
/* End PBXResourcesBuildPhase section */

/* Begin PBXSourcesBuildPhase section */
		914172EF20C856160079935A /* Sources */ = {
			isa = PBXSourcesBuildPhase;
			buildActionMask = 2147483647;
			files = (
				914172F920C856170079935A /* ViewController.swift in Sources */,
				914172F720C856160079935A /* AppDelegate.swift in Sources */,
				9141730B20C85CE60079935A /* CircularProgressView.swift in Sources */,
				91AE4BDC20D197B4002BAA06 /* MockPageViewController.swift in Sources */,
				91AE4BDE20D19AC4002BAA06 /* ContainerViewController.swift in Sources */,
				9141730920C856820079935A /* CircleProgressLayer.swift in Sources */,
			);
			runOnlyForDeploymentPostprocessing = 0;
		};
/* End PBXSourcesBuildPhase section */

/* Begin PBXVariantGroup section */
		914172FA20C856170079935A /* Main.storyboard */ = {
			isa = PBXVariantGroup;
			children = (
				914172FB20C856170079935A /* Base */,
			);
			name = Main.storyboard;
			sourceTree = "<group>";
		};
		914172FF20C856190079935A /* LaunchScreen.storyboard */ = {
			isa = PBXVariantGroup;
			children = (
				9141730020C856190079935A /* Base */,
			);
			name = LaunchScreen.storyboard;
			sourceTree = "<group>";
		};
/* End PBXVariantGroup section */

/* Begin XCBuildConfiguration section */
		9141730320C856190079935A /* Debug */ = {
			isa = XCBuildConfiguration;
			buildSettings = {
				ALWAYS_SEARCH_USER_PATHS = NO;
				CLANG_ANALYZER_NONNULL = YES;
				CLANG_ANALYZER_NUMBER_OBJECT_CONVERSION = YES_AGGRESSIVE;
				CLANG_CXX_LANGUAGE_STANDARD = "gnu++14";
				CLANG_CXX_LIBRARY = "libc++";
				CLANG_ENABLE_MODULES = YES;
				CLANG_ENABLE_OBJC_ARC = YES;
				CLANG_ENABLE_OBJC_WEAK = YES;
				CLANG_WARN_BLOCK_CAPTURE_AUTORELEASING = YES;
				CLANG_WARN_BOOL_CONVERSION = YES;
				CLANG_WARN_COMMA = YES;
				CLANG_WARN_CONSTANT_CONVERSION = YES;
				CLANG_WARN_DEPRECATED_OBJC_IMPLEMENTATIONS = YES;
				CLANG_WARN_DIRECT_OBJC_ISA_USAGE = YES_ERROR;
				CLANG_WARN_DOCUMENTATION_COMMENTS = YES;
				CLANG_WARN_EMPTY_BODY = YES;
				CLANG_WARN_ENUM_CONVERSION = YES;
				CLANG_WARN_INFINITE_RECURSION = YES;
				CLANG_WARN_INT_CONVERSION = YES;
				CLANG_WARN_NON_LITERAL_NULL_CONVERSION = YES;
				CLANG_WARN_OBJC_IMPLICIT_RETAIN_SELF = YES;
				CLANG_WARN_OBJC_LITERAL_CONVERSION = YES;
				CLANG_WARN_OBJC_ROOT_CLASS = YES_ERROR;
				CLANG_WARN_RANGE_LOOP_ANALYSIS = YES;
				CLANG_WARN_STRICT_PROTOTYPES = YES;
				CLANG_WARN_SUSPICIOUS_MOVE = YES;
				CLANG_WARN_UNGUARDED_AVAILABILITY = YES_AGGRESSIVE;
				CLANG_WARN_UNREACHABLE_CODE = YES;
				CLANG_WARN__DUPLICATE_METHOD_MATCH = YES;
				CODE_SIGN_IDENTITY = "iPhone Developer";
				COPY_PHASE_STRIP = NO;
				DEBUG_INFORMATION_FORMAT = dwarf;
				ENABLE_STRICT_OBJC_MSGSEND = YES;
				ENABLE_TESTABILITY = YES;
				GCC_C_LANGUAGE_STANDARD = gnu11;
				GCC_DYNAMIC_NO_PIC = NO;
				GCC_NO_COMMON_BLOCKS = YES;
				GCC_OPTIMIZATION_LEVEL = 0;
				GCC_PREPROCESSOR_DEFINITIONS = (
					"DEBUG=1",
					"$(inherited)",
				);
				GCC_WARN_64_TO_32_BIT_CONVERSION = YES;
				GCC_WARN_ABOUT_RETURN_TYPE = YES_ERROR;
				GCC_WARN_UNDECLARED_SELECTOR = YES;
				GCC_WARN_UNINITIALIZED_AUTOS = YES_AGGRESSIVE;
				GCC_WARN_UNUSED_FUNCTION = YES;
				GCC_WARN_UNUSED_VARIABLE = YES;
				IPHONEOS_DEPLOYMENT_TARGET = 11.4;
				MTL_ENABLE_DEBUG_INFO = YES;
				ONLY_ACTIVE_ARCH = YES;
				SDKROOT = iphoneos;
				SWIFT_ACTIVE_COMPILATION_CONDITIONS = DEBUG;
				SWIFT_OPTIMIZATION_LEVEL = "-Onone";
			};
			name = Debug;
		};
		9141730420C856190079935A /* Release */ = {
			isa = XCBuildConfiguration;
			buildSettings = {
				ALWAYS_SEARCH_USER_PATHS = NO;
				CLANG_ANALYZER_NONNULL = YES;
				CLANG_ANALYZER_NUMBER_OBJECT_CONVERSION = YES_AGGRESSIVE;
				CLANG_CXX_LANGUAGE_STANDARD = "gnu++14";
				CLANG_CXX_LIBRARY = "libc++";
				CLANG_ENABLE_MODULES = YES;
				CLANG_ENABLE_OBJC_ARC = YES;
				CLANG_ENABLE_OBJC_WEAK = YES;
				CLANG_WARN_BLOCK_CAPTURE_AUTORELEASING = YES;
				CLANG_WARN_BOOL_CONVERSION = YES;
				CLANG_WARN_COMMA = YES;
				CLANG_WARN_CONSTANT_CONVERSION = YES;
				CLANG_WARN_DEPRECATED_OBJC_IMPLEMENTATIONS = YES;
				CLANG_WARN_DIRECT_OBJC_ISA_USAGE = YES_ERROR;
				CLANG_WARN_DOCUMENTATION_COMMENTS = YES;
				CLANG_WARN_EMPTY_BODY = YES;
				CLANG_WARN_ENUM_CONVERSION = YES;
				CLANG_WARN_INFINITE_RECURSION = YES;
				CLANG_WARN_INT_CONVERSION = YES;
				CLANG_WARN_NON_LITERAL_NULL_CONVERSION = YES;
				CLANG_WARN_OBJC_IMPLICIT_RETAIN_SELF = YES;
				CLANG_WARN_OBJC_LITERAL_CONVERSION = YES;
				CLANG_WARN_OBJC_ROOT_CLASS = YES_ERROR;
				CLANG_WARN_RANGE_LOOP_ANALYSIS = YES;
				CLANG_WARN_STRICT_PROTOTYPES = YES;
				CLANG_WARN_SUSPICIOUS_MOVE = YES;
				CLANG_WARN_UNGUARDED_AVAILABILITY = YES_AGGRESSIVE;
				CLANG_WARN_UNREACHABLE_CODE = YES;
				CLANG_WARN__DUPLICATE_METHOD_MATCH = YES;
				CODE_SIGN_IDENTITY = "iPhone Developer";
				COPY_PHASE_STRIP = NO;
				DEBUG_INFORMATION_FORMAT = "dwarf-with-dsym";
				ENABLE_NS_ASSERTIONS = NO;
				ENABLE_STRICT_OBJC_MSGSEND = YES;
				GCC_C_LANGUAGE_STANDARD = gnu11;
				GCC_NO_COMMON_BLOCKS = YES;
				GCC_WARN_64_TO_32_BIT_CONVERSION = YES;
				GCC_WARN_ABOUT_RETURN_TYPE = YES_ERROR;
				GCC_WARN_UNDECLARED_SELECTOR = YES;
				GCC_WARN_UNINITIALIZED_AUTOS = YES_AGGRESSIVE;
				GCC_WARN_UNUSED_FUNCTION = YES;
				GCC_WARN_UNUSED_VARIABLE = YES;
				IPHONEOS_DEPLOYMENT_TARGET = 11.4;
				MTL_ENABLE_DEBUG_INFO = NO;
				SDKROOT = iphoneos;
				SWIFT_COMPILATION_MODE = wholemodule;
				SWIFT_OPTIMIZATION_LEVEL = "-O";
				VALIDATE_PRODUCT = YES;
			};
			name = Release;
		};
		9141730620C856190079935A /* Debug */ = {
			isa = XCBuildConfiguration;
			buildSettings = {
				ASSETCATALOG_COMPILER_APPICON_NAME = AppIcon;
				CODE_SIGN_STYLE = Automatic;
				INFOPLIST_FILE = DrawingProjects/Info.plist;
				LD_RUNPATH_SEARCH_PATHS = (
					"$(inherited)",
					"@executable_path/Frameworks",
				);
				PRODUCT_BUNDLE_IDENTIFIER = br.com.vitorrodrigues.studies.DrawingProjects;
				PRODUCT_NAME = "$(TARGET_NAME)";
				SWIFT_VERSION = 4.0;
				TARGETED_DEVICE_FAMILY = "1,2";
			};
			name = Debug;
		};
		9141730720C856190079935A /* Release */ = {
			isa = XCBuildConfiguration;
			buildSettings = {
				ASSETCATALOG_COMPILER_APPICON_NAME = AppIcon;
				CODE_SIGN_STYLE = Automatic;
				INFOPLIST_FILE = DrawingProjects/Info.plist;
				LD_RUNPATH_SEARCH_PATHS = (
					"$(inherited)",
					"@executable_path/Frameworks",
				);
				PRODUCT_BUNDLE_IDENTIFIER = br.com.vitorrodrigues.studies.DrawingProjects;
				PRODUCT_NAME = "$(TARGET_NAME)";
				SWIFT_VERSION = 4.0;
				TARGETED_DEVICE_FAMILY = "1,2";
			};
			name = Release;
		};
/* End XCBuildConfiguration section */

/* Begin XCConfigurationList section */
		914172EE20C856160079935A /* Build configuration list for PBXProject "DrawingProjects" */ = {
			isa = XCConfigurationList;
			buildConfigurations = (
				9141730320C856190079935A /* Debug */,
				9141730420C856190079935A /* Release */,
			);
			defaultConfigurationIsVisible = 0;
			defaultConfigurationName = Release;
		};
		9141730520C856190079935A /* Build configuration list for PBXNativeTarget "DrawingProjects" */ = {
			isa = XCConfigurationList;
			buildConfigurations = (
				9141730620C856190079935A /* Debug */,
				9141730720C856190079935A /* Release */,
			);
			defaultConfigurationIsVisible = 0;
			defaultConfigurationName = Release;
		};
/* End XCConfigurationList section */
	};
	rootObject = 914172EB20C856160079935A /* Project object */;
}
